
Microsoft Visual Studio Solution File, Format Version 12.00
# Visual Studio Version 16
VisualStudioVersion = 16.0.30413.136
MinimumVisualStudioVersion = 10.0.40219.1
Project("{888888A0-9F3D-457C-B088-3A5042F75D52}") = "TKinter_interface", "TKinter_interface.pyproj", "{5D723EBC-F33D-4871-977F-2E16218FFBE6}"
EndProject
Global
	GlobalSection(SolutionConfigurationPlatforms) = preSolution
		Debug|Any CPU = Debug|Any CPU
		Release|Any CPU = Release|Any CPU
	EndGlobalSection
	GlobalSection(ProjectConfigurationPlatforms) = postSolution
		{5D723EBC-F33D-4871-977F-2E16218FFBE6}.Debug|Any CPU.ActiveCfg = Debug|Any CPU
		{5D723EBC-F33D-4871-977F-2E16218FFBE6}.Release|Any CPU.ActiveCfg = Release|Any CPU
	EndGlobalSection
	GlobalSection(SolutionProperties) = preSolution
		HideSolutionNode = FALSE
	EndGlobalSection
	GlobalSection(ExtensibilityGlobals) = postSolution
		SolutionGuid = {62BCD511-C4B1-4779-852D-93CC52111A59}
	EndGlobalSection
EndGlobal
